
Microsoft Visual Studio Solution File, Format Version 12.00
# Visual Studio Version 16
VisualStudioVersion = 16.0.29519.181
MinimumVisualStudioVersion = 10.0.40219.1
Project("{FAE04EC0-301F-11D3-BF4B-00C04F79EFBC}") = "WebAPI", "WebAPI\WebAPI.csproj", "{40F4FC93-485E-4922-9A59-2F0A1F0A2627}"
EndProject
Global
	GlobalSection(SolutionConfigurationPlatforms) = preSolution
		Debug|Any CPU = Debug|Any CPU
		Release|Any CPU = Release|Any CPU
	EndGlobalSection
	GlobalSection(ProjectConfigurationPlatforms) = postSolution
		{40F4FC93-485E-4922-9A59-2F0A1F0A2627}.Debug|Any CPU.ActiveCfg = Debug|Any CPU
		{40F4FC93-485E-4922-9A59-2F0A1F0A2627}.Debug|Any CPU.Build.0 = Debug|Any CPU
		{40F4FC93-485E-4922-9A59-2F0A1F0A2627}.Release|Any CPU.ActiveCfg = Release|Any CPU
		{40F4FC93-485E-4922-9A59-2F0A1F0A2627}.Release|Any CPU.Build.0 = Release|Any CPU
	EndGlobalSection
	GlobalSection(SolutionProperties) = preSolution
		HideSolutionNode = FALSE
	EndGlobalSection
	GlobalSection(ExtensibilityGlobals) = postSolution
		SolutionGuid = {8A29D4CA-B110-4E89-AD3D-995273CA47A6}
	EndGlobalSection
EndGlobal
